github.com/aead/chacha20 v0.0.0-20180709150244-8b13a72661da h1:KjTM2ks9d14ZYCvmHS9iAKVt9AyzRSqNU1qabPih5BY=
github.com/aead/chacha20 v0.0.0-20180709150244-8b13a72661da/go.mod h1:eHEWzANqSiWQsof+nXEI9bUVUyV6F53Fp89EuCh2EAA=
github.com/aead/chacha20poly1305 v0.0.0-20170617001512-233f39982aeb h1:6Z/wqhPFZ7y5ksCEV/V5MXOazLaeu/EW97CU5rz8NWk=
github.com/aead/chacha20poly1305 v0.0.0-20170617001512-233f39982aeb/go.mod h1:UzH9IX1MMqOcwhoNOIjmTQeAxrFgzs50j4golQtXXxU=
github.com/aead/poly1305 v0.0.0-20180717145839-3fee0db0b635 h1:52m0LGchQBBVqJRyYYufQuIbVqRawmubW3OFGqK1ekw=
github.com/aead/poly1305 v0.0.0-20180717145839-3fee0db0b635/go.mod h1:lmLxL+FV291OopO93Bwf9fQLQeLyt33VJRUg5VJ30us=
github.com/lpar/blammo v1.0.0 h1:y9YRHnaEiDNZaUXApOU0FknFu5CGOPrpI7XIGnG1dqk=
github.com/lpar/blammo v1.0.0/go.mod h1:zl8nM8gskHa762TjzZS8MEzHgvwlU8qp1T+dZDi2ykg=
github.com/lpar/blammo v1.0.3 h1:XNFEnKNyz+Hke+R5L1b7d85E0o7CIDJs1oztQGviUzo=
github.com/lpar/blammo v1.0.3/go.mod h1:WT7AEsiWNZ+5d4b9r9v73bwYQAq9bgR4we3Ba6tF6W8=
github.com/lpar/serial v1.0.0 h1:Yw9WQE7EZ47oOSwHHmMnVdbW/WSlFLQSapry22BkTWY=
github.com/lpar/serial v1.0.0/go.mod h1:8yfyDFtKFICqwDy26OmPtZYB5yCSBjTRXJqwjZi12kE=
github.com/lpar/serial v1.0.1 h1:XKhvwE2382IT7qQTI5HUtFRedlwppjNCIvmju3dB5r8=
github.com/lpar/serial v1.0.1/go.mod h1:8yfyDFtKFICqwDy26OmPtZYB5yCSBjTRXJqwjZi12kE=
github.com/o1egl/paseto v0.2.0 h1:y9Q13cg5DG52g1ek+uOBM30aKoyGBdZoXArGGnBbpHw=
github.com/o1egl/paseto v0.2.0/go.mod h1:jlbdwRGBZBkFViCAIr2n/hM8ht2hh5mTFQNttt3kEU8=
github.com/spf13/pflag v1.0.3 h1:zPAT6CGy6wXeQ7NtTnaTerfKOsV6V6F8agHXFiazDkg=
github.com/spf13/pflag v1.0.3/go.mod h1:DYY7MBk1bdzusC3SYhjObp+wFpr4gzcvqqNjLnInEg4=
golang.org/x/crypto v0.0.0-20180820150726-614d502a4dac h1:7d7lG9fHOLdL6jZPtnV4LpI41SbohIJ1Atq7U991dMg=
golang.org/x/crypto v0.0.0-20180820150726-614d502a4dac/go.mod h1:6SG95UA2DQfeDnfUPMdvaQW0Q7yPrPDi9nlGo2tz2b4=
golang.org/x/crypto v0.0.0-20190128193316-c7b33c32a30b h1:Ib/yptP38nXZFMwqWSip+OKuMP9OkyDe3p+DssP8n9w=
golang.org/x/crypto v0.0.0-20190128193316-c7b33c32a30b/go.mod h1:6SG95UA2DQfeDnfUPMdvaQW0Q7yPrPDi9nlGo2tz2b4=
golang.org/x/sys v0.0.0-20180824143301-4910a1d54f87 h1:GqwDwfvIpC33dK9bA1fD+JiDUNsuAiQiEkpHqUKze4o=
golang.org/x/sys v0.0.0-20180824143301-4910a1d54f87/go.mod h1:STP8DvDyc/dI5b8T5hshtkjS+E42TnysNCUPdjciGhY=
golang.org/x/sys v0.0.0-20190124100055-b90733256f2e h1:3GIlrlVLfkoipSReOMNAgApI0ajnalyLa/EZHHca/XI=
golang.org/x/sys v0.0.0-20190124100055-b90733256f2e/go.mod h1:STP8DvDyc/dI5b8T5hshtkjS+E42TnysNCUPdjciGhY=
